// !$*UTF8*$!
{
	archiveVersion = 1;
	classes = {
	};
	objectVersion = 46;
	objects = {

/* Begin PBXBuildFile section */
		37C9671023EFB5D396FD4547 /* libPods-CRConfirmOrderTests.a in Frameworks */ = {isa = PBXBuildFile; fileRef = 6976E9738C1511DF2BE36F39 /* libPods-CRConfirmOrderTests.a */; };
		7E36642665A230442F7CA99C /* libPods-CRConfirmOrder.a in Frameworks */ = {isa = PBXBuildFile; fileRef = FC8B546180E112F8695103BF /* libPods-CRConfirmOrder.a */; };
		90C39F491E06E5E300800668 /* main.m in Sources */ = {isa = PBXBuildFile; fileRef = 90C39F481E06E5E300800668 /* main.m */; };
		90C39F4C1E06E5E300800668 /* AppDelegate.m in Sources */ = {isa = PBXBuildFile; fileRef = 90C39F4B1E06E5E300800668 /* AppDelegate.m */; };
		90C39F4F1E06E5E300800668 /* ViewController.m in Sources */ = {isa = PBXBuildFile; fileRef = 90C39F4E1E06E5E300800668 /* ViewController.m */; };
		90C39F521E06E5E300800668 /* Main.storyboard in Resources */ = {isa = PBXBuildFile; fileRef = 90C39F501E06E5E300800668 /* Main.storyboard */; };
		90C39F541E06E5E300800668 /* Assets.xcassets in Resources */ = {isa = PBXBuildFile; fileRef = 90C39F531E06E5E300800668 /* Assets.xcassets */; };
		90C39F571E06E5E300800668 /* LaunchScreen.storyboard in Resources */ = {isa = PBXBuildFile; fileRef = 90C39F551E06E5E300800668 /* LaunchScreen.storyboard */; };
		90C39F621E06E5E400800668 /* CRConfirmOrderTests.m in Sources */ = {isa = PBXBuildFile; fileRef = 90C39F611E06E5E400800668 /* CRConfirmOrderTests.m */; };
		90C39F6D1E06E5E400800668 /* CRConfirmOrderUITests.m in Sources */ = {isa = PBXBuildFile; fileRef = 90C39F6C1E06E5E400800668 /* CRConfirmOrderUITests.m */; };
		90D8D9AA20E128D5005AC32F /* CRConfirmOrderServiceProvide.m in Sources */ = {isa = PBXBuildFile; fileRef = 90D8D9A320E128D5005AC32F /* CRConfirmOrderServiceProvide.m */; };
		90D8D9AB20E128D5005AC32F /* CRConfirmOrderViewController.m in Sources */ = {isa = PBXBuildFile; fileRef = 90D8D9A620E128D5005AC32F /* CRConfirmOrderViewController.m */; };
		A4F1D1724CB3C406B8C47921 /* libPods-CRConfirmOrderUITests.a in Frameworks */ = {isa = PBXBuildFile; fileRef = E4409304D7577EAAC7E4F888 /* libPods-CRConfirmOrderUITests.a */; };
/* End PBXBuildFile section */

/* Begin PBXContainerItemProxy section */
		90C39F5E1E06E5E400800668 /* PBXContainerItemProxy */ = {
			isa = PBXContainerItemProxy;
			containerPortal = 90C39F3C1E06E5E300800668 /* Project object */;
			proxyType = 1;
			remoteGlobalIDString = 90C39F431E06E5E300800668;
			remoteInfo = CRConfirmOrder;
		};
		90C39F691E06E5E400800668 /* PBXContainerItemProxy */ = {
			isa = PBXContainerItemProxy;
			containerPortal = 90C39F3C1E06E5E300800668 /* Project object */;
			proxyType = 1;
			remoteGlobalIDString = 90C39F431E06E5E300800668;
			remoteInfo = CRConfirmOrder;
		};
/* End PBXContainerItemProxy section */

/* Begin PBXFileReference section */
		16359C48E3DE96983B6B3421 /* Pods-CRConfirmOrder.debug.xcconfig */ = {isa = PBXFileReference; includeInIndex = 1; lastKnownFileType = text.xcconfig; name = "Pods-CRConfirmOrder.debug.xcconfig"; path = "Pods/Target Support Files/Pods-CRConfirmOrder/Pods-CRConfirmOrder.debug.xcconfig"; sourceTree = "<group>"; };
		1EC81CAB2B5E0FC186B06DBF /* Pods-CRConfirmOrderUITests.debug.xcconfig */ = {isa = PBXFileReference; includeInIndex = 1; lastKnownFileType = text.xcconfig; name = "Pods-CRConfirmOrderUITests.debug.xcconfig"; path = "Pods/Target Support Files/Pods-CRConfirmOrderUITests/Pods-CRConfirmOrderUITests.debug.xcconfig"; sourceTree = "<group>"; };
		6976E9738C1511DF2BE36F39 /* libPods-CRConfirmOrderTests.a */ = {isa = PBXFileReference; explicitFileType = archive.ar; includeInIndex = 0; path = "libPods-CRConfirmOrderTests.a"; sourceTree = BUILT_PRODUCTS_DIR; };
		8504DC99BE2D517D17352CCB /* Pods-CRConfirmOrderTests.debug.xcconfig */ = {isa = PBXFileReference; includeInIndex = 1; lastKnownFileType = text.xcconfig; name = "Pods-CRConfirmOrderTests.debug.xcconfig"; path = "Pods/Target Support Files/Pods-CRConfirmOrderTests/Pods-CRConfirmOrderTests.debug.xcconfig"; sourceTree = "<group>"; };
		90C39F441E06E5E300800668 /* CRConfirmOrder.app */ = {isa = PBXFileReference; explicitFileType = wrapper.application; includeInIndex = 0; path = CRConfirmOrder.app; sourceTree = BUILT_PRODUCTS_DIR; };
		90C39F481E06E5E300800668 /* main.m */ = {isa = PBXFileReference; lastKnownFileType = sourcecode.c.objc; path = main.m; sourceTree = "<group>"; };
		90C39F4A1E06E5E300800668 /* AppDelegate.h */ = {isa = PBXFileReference; lastKnownFileType = sourcecode.c.h; path = AppDelegate.h; sourceTree = "<group>"; };
		90C39F4B1E06E5E300800668 /* AppDelegate.m */ = {isa = PBXFileReference; lastKnownFileType = sourcecode.c.objc; path = AppDelegate.m; sourceTree = "<group>"; };
		90C39F4D1E06E5E300800668 /* ViewController.h */ = {isa = PBXFileReference; lastKnownFileType = sourcecode.c.h; path = ViewController.h; sourceTree = "<group>"; };
		90C39F4E1E06E5E300800668 /* ViewController.m */ = {isa = PBXFileReference; lastKnownFileType = sourcecode.c.objc; path = ViewController.m; sourceTree = "<group>"; };
		90C39F511E06E5E300800668 /* Base */ = {isa = PBXFileReference; lastKnownFileType = file.storyboard; name = Base; path = Base.lproj/Main.storyboard; sourceTree = "<group>"; };
		90C39F531E06E5E300800668 /* Assets.xcassets */ = {isa = PBXFileReference; lastKnownFileType = folder.assetcatalog; path = Assets.xcassets; sourceTree = "<group>"; };
		90C39F561E06E5E300800668 /* Base */ = {isa = PBXFileReference; lastKnownFileType = file.storyboard; name = Base; path = Base.lproj/LaunchScreen.storyboard; sourceTree = "<group>"; };
		90C39F581E06E5E300800668 /* Info.plist */ = {isa = PBXFileReference; lastKnownFileType = text.plist.xml; path = Info.plist; sourceTree = "<group>"; };
		90C39F5D1E06E5E400800668 /* CRConfirmOrderTests.xctest */ = {isa = PBXFileReference; explicitFileType = wrapper.cfbundle; includeInIndex = 0; path = CRConfirmOrderTests.xctest; sourceTree = BUILT_PRODUCTS_DIR; };
		90C39F611E06E5E400800668 /* CRConfirmOrderTests.m */ = {isa = PBXFileReference; lastKnownFileType = sourcecode.c.objc; path = CRConfirmOrderTests.m; sourceTree = "<group>"; };
		90C39F631E06E5E400800668 /* Info.plist */ = {isa = PBXFileReference; lastKnownFileType = text.plist.xml; path = Info.plist; sourceTree = "<group>"; };
		90C39F681E06E5E400800668 /* CRConfirmOrderUITests.xctest */ = {isa = PBXFileReference; explicitFileType = wrapper.cfbundle; includeInIndex = 0; path = CRConfirmOrderUITests.xctest; sourceTree = BUILT_PRODUCTS_DIR; };
		90C39F6C1E06E5E400800668 /* CRConfirmOrderUITests.m */ = {isa = PBXFileReference; lastKnownFileType = sourcecode.c.objc; path = CRConfirmOrderUITests.m; sourceTree = "<group>"; };
		90C39F6E1E06E5E400800668 /* Info.plist */ = {isa = PBXFileReference; lastKnownFileType = text.plist.xml; path = Info.plist; sourceTree = "<group>"; };
		90D8D9A320E128D5005AC32F /* CRConfirmOrderServiceProvide.m */ = {isa = PBXFileReference; fileEncoding = 4; lastKnownFileType = sourcecode.c.objc; path = CRConfirmOrderServiceProvide.m; sourceTree = "<group>"; };
		90D8D9A420E128D5005AC32F /* CRConfirmOrderServiceProvide.h */ = {isa = PBXFileReference; fileEncoding = 4; lastKnownFileType = sourcecode.c.h; path = CRConfirmOrderServiceProvide.h; sourceTree = "<group>"; };
		90D8D9A620E128D5005AC32F /* CRConfirmOrderViewController.m */ = {isa = PBXFileReference; fileEncoding = 4; lastKnownFileType = sourcecode.c.objc; path = CRConfirmOrderViewController.m; sourceTree = "<group>"; };
		90D8D9A720E128D5005AC32F /* CRConfirmOrderViewController.h */ = {isa = PBXFileReference; fileEncoding = 4; lastKnownFileType = sourcecode.c.h; path = CRConfirmOrderViewController.h; sourceTree = "<group>"; };
		90D8D9A920E128D5005AC32F /* CRConfirmOrderServiceProtocol.h */ = {isa = PBXFileReference; fileEncoding = 4; lastKnownFileType = sourcecode.c.h; path = CRConfirmOrderServiceProtocol.h; sourceTree = "<group>"; };
		9FB928FE10EFF74C62D9F568 /* Pods-CRConfirmOrderTests.release.xcconfig */ = {isa = PBXFileReference; includeInIndex = 1; lastKnownFileType = text.xcconfig; name = "Pods-CRConfirmOrderTests.release.xcconfig"; path = "Pods/Target Support Files/Pods-CRConfirmOrderTests/Pods-CRConfirmOrderTests.release.xcconfig"; sourceTree = "<group>"; };
		E4409304D7577EAAC7E4F888 /* libPods-CRConfirmOrderUITests.a */ = {isa = PBXFileReference; explicitFileType = archive.ar; includeInIndex = 0; path = "libPods-CRConfirmOrderUITests.a"; sourceTree = BUILT_PRODUCTS_DIR; };
		F8A5AA13D9237F483677947D /* Pods-CRConfirmOrderUITests.release.xcconfig */ = {isa = PBXFileReference; includeInIndex = 1; lastKnownFileType = text.xcconfig; name = "Pods-CRConfirmOrderUITests.release.xcconfig"; path = "Pods/Target Support Files/Pods-CRConfirmOrderUITests/Pods-CRConfirmOrderUITests.release.xcconfig"; sourceTree = "<group>"; };
		FC8B546180E112F8695103BF /* libPods-CRConfirmOrder.a */ = {isa = PBXFileReference; explicitFileType = archive.ar; includeInIndex = 0; path = "libPods-CRConfirmOrder.a"; sourceTree = BUILT_PRODUCTS_DIR; };
		FF3AB94FE49D62E8201402E5 /* Pods-CRConfirmOrder.release.xcconfig */ = {isa = PBXFileReference; includeInIndex = 1; lastKnownFileType = text.xcconfig; name = "Pods-CRConfirmOrder.release.xcconfig"; path = "Pods/Target Support Files/Pods-CRConfirmOrder/Pods-CRConfirmOrder.release.xcconfig"; sourceTree = "<group>"; };
/* End PBXFileReference section */

/* Begin PBXFrameworksBuildPhase section */
		90C39F411E06E5E300800668 /* Frameworks */ = {
			isa = PBXFrameworksBuildPhase;
			buildActionMask = 2147483647;
			files = (
				7E36642665A230442F7CA99C /* libPods-CRConfirmOrder.a in Frameworks */,
			);
			runOnlyForDeploymentPostprocessing = 0;
		};
		90C39F5A1E06E5E400800668 /* Frameworks */ = {
			isa = PBXFrameworksBuildPhase;
			buildActionMask = 2147483647;
			files = (
				37C9671023EFB5D396FD4547 /* libPods-CRConfirmOrderTests.a in Frameworks */,
			);
			runOnlyForDeploymentPostprocessing = 0;
		};
		90C39F651E06E5E400800668 /* Frameworks */ = {
			isa = PBXFrameworksBuildPhase;
			buildActionMask = 2147483647;
			files = (
				A4F1D1724CB3C406B8C47921 /* libPods-CRConfirmOrderUITests.a in Frameworks */,
			);
			runOnlyForDeploymentPostprocessing = 0;
		};
/* End PBXFrameworksBuildPhase section */

/* Begin PBXGroup section */
		0CD1384307319136867852EA /* Frameworks */ = {
			isa = PBXGroup;
			children = (
				FC8B546180E112F8695103BF /* libPods-CRConfirmOrder.a */,
				6976E9738C1511DF2BE36F39 /* libPods-CRConfirmOrderTests.a */,
				E4409304D7577EAAC7E4F888 /* libPods-CRConfirmOrderUITests.a */,
			);
			name = Frameworks;
			sourceTree = "<group>";
		};
		7D62BD2C6293179EB5E8A617 /* Pods */ = {
			isa = PBXGroup;
			children = (
				16359C48E3DE96983B6B3421 /* Pods-CRConfirmOrder.debug.xcconfig */,
				FF3AB94FE49D62E8201402E5 /* Pods-CRConfirmOrder.release.xcconfig */,
				8504DC99BE2D517D17352CCB /* Pods-CRConfirmOrderTests.debug.xcconfig */,
				9FB928FE10EFF74C62D9F568 /* Pods-CRConfirmOrderTests.release.xcconfig */,
				1EC81CAB2B5E0FC186B06DBF /* Pods-CRConfirmOrderUITests.debug.xcconfig */,
				F8A5AA13D9237F483677947D /* Pods-CRConfirmOrderUITests.release.xcconfig */,
			);
			name = Pods;
			sourceTree = "<group>";
		};
		90C39F3B1E06E5E300800668 = {
			isa = PBXGroup;
			children = (
				90C39F461E06E5E300800668 /* CRConfirmOrder */,
				90C39F601E06E5E400800668 /* CRConfirmOrderTests */,
				90C39F6B1E06E5E400800668 /* CRConfirmOrderUITests */,
				90C39F451E06E5E300800668 /* Products */,
				7D62BD2C6293179EB5E8A617 /* Pods */,
				0CD1384307319136867852EA /* Frameworks */,
			);
			sourceTree = "<group>";
		};
		90C39F451E06E5E300800668 /* Products */ = {
			isa = PBXGroup;
			children = (
				90C39F441E06E5E300800668 /* CRConfirmOrder.app */,
				90C39F5D1E06E5E400800668 /* CRConfirmOrderTests.xctest */,
				90C39F681E06E5E400800668 /* CRConfirmOrderUITests.xctest */,
			);
			name = Products;
			sourceTree = "<group>";
		};
		90C39F461E06E5E300800668 /* CRConfirmOrder */ = {
			isa = PBXGroup;
			children = (
				90C39F8E1E06E61300800668 /* CRConfirmOrder */,
				90C39F4A1E06E5E300800668 /* AppDelegate.h */,
				90C39F4B1E06E5E300800668 /* AppDelegate.m */,
				90C39F4D1E06E5E300800668 /* ViewController.h */,
				90C39F4E1E06E5E300800668 /* ViewController.m */,
				90C39F501E06E5E300800668 /* Main.storyboard */,
				90C39F531E06E5E300800668 /* Assets.xcassets */,
				90C39F551E06E5E300800668 /* LaunchScreen.storyboard */,
				90C39F581E06E5E300800668 /* Info.plist */,
				90C39F471E06E5E300800668 /* Supporting Files */,
			);
			path = CRConfirmOrder;
			sourceTree = "<group>";
		};
		90C39F471E06E5E300800668 /* Supporting Files */ = {
			isa = PBXGroup;
			children = (
				90C39F481E06E5E300800668 /* main.m */,
			);
			name = "Supporting Files";
			sourceTree = "<group>";
		};
		90C39F601E06E5E400800668 /* CRConfirmOrderTests */ = {
			isa = PBXGroup;
			children = (
				90C39F611E06E5E400800668 /* CRConfirmOrderTests.m */,
				90C39F631E06E5E400800668 /* Info.plist */,
			);
			path = CRConfirmOrderTests;
			sourceTree = "<group>";
		};
		90C39F6B1E06E5E400800668 /* CRConfirmOrderUITests */ = {
			isa = PBXGroup;
			children = (
				90C39F6C1E06E5E400800668 /* CRConfirmOrderUITests.m */,
				90C39F6E1E06E5E400800668 /* Info.plist */,
			);
			path = CRConfirmOrderUITests;
			sourceTree = "<group>";
		};
		90C39F8E1E06E61300800668 /* CRConfirmOrder */ = {
			isa = PBXGroup;
			children = (
				90D8D9A820E128D5005AC32F /* Protocol */,
				90D8D9A220E128D5005AC32F /* ServiceProvider */,
				90D8D9A520E128D5005AC32F /* Source */,
			);
			path = CRConfirmOrder;
			sourceTree = "<group>";
		};
		90D8D9A220E128D5005AC32F /* ServiceProvider */ = {
			isa = PBXGroup;
			children = (
				90D8D9A320E128D5005AC32F /* CRConfirmOrderServiceProvide.m */,
				90D8D9A420E128D5005AC32F /* CRConfirmOrderServiceProvide.h */,
			);
			path = ServiceProvider;
			sourceTree = "<group>";
		};
		90D8D9A520E128D5005AC32F /* Source */ = {
			isa = PBXGroup;
			children = (
				90D8D9A620E128D5005AC32F /* CRConfirmOrderViewController.m */,
				90D8D9A720E128D5005AC32F /* CRConfirmOrderViewController.h */,
			);
			path = Source;
			sourceTree = "<group>";
		};
		90D8D9A820E128D5005AC32F /* Protocol */ = {
			isa = PBXGroup;
			children = (
				90D8D9A920E128D5005AC32F /* CRConfirmOrderServiceProtocol.h */,
			);
			path = Protocol;
			sourceTree = "<group>";
		};
/* End PBXGroup section */

/* Begin PBXNativeTarget section */
		90C39F431E06E5E300800668 /* CRConfirmOrder */ = {
			isa = PBXNativeTarget;
			buildConfigurationList = 90C39F711E06E5E400800668 /* Build configuration list for PBXNativeTarget "CRConfirmOrder" */;
			buildPhases = (
				FE0857B5BFF7BB45102E020D /* [CP] Check Pods Manifest.lock */,
				90C39F401E06E5E300800668 /* Sources */,
				90C39F411E06E5E300800668 /* Frameworks */,
				90C39F421E06E5E300800668 /* Resources */,
				76C89A842E428916F45D8020 /* [CP] Embed Pods Frameworks */,
				50AFC2CD28BFAC59AF48B5D4 /* [CP] Copy Pods Resources */,
			);
			buildRules = (
			);
			dependencies = (
			);
			name = CRConfirmOrder;
			productName = CRConfirmOrder;
			productReference = 90C39F441E06E5E300800668 /* CRConfirmOrder.app */;
			productType = "com.apple.product-type.application";
		};
		90C39F5C1E06E5E400800668 /* CRConfirmOrderTests */ = {
			isa = PBXNativeTarget;
			buildConfigurationList = 90C39F741E06E5E400800668 /* Build configuration list for PBXNativeTarget "CRConfirmOrderTests" */;
			buildPhases = (
				567417FEBEA0E42BCA4388CB /* [CP] Check Pods Manifest.lock */,
				90C39F591E06E5E400800668 /* Sources */,
				90C39F5A1E06E5E400800668 /* Frameworks */,
				90C39F5B1E06E5E400800668 /* Resources */,
				961FAD94870F5FF78DCF008E /* [CP] Embed Pods Frameworks */,
				39EEA3E9FD9CE2453AC04C24 /* [CP] Copy Pods Resources */,
			);
			buildRules = (
			);
			dependencies = (
				90C39F5F1E06E5E400800668 /* PBXTargetDependency */,
			);
			name = CRConfirmOrderTests;
			productName = CRConfirmOrderTests;
			productReference = 90C39F5D1E06E5E400800668 /* CRConfirmOrderTests.xctest */;
			productType = "com.apple.product-type.bundle.unit-test";
		};
		90C39F671E06E5E400800668 /* CRConfirmOrderUITests */ = {
			isa = PBXNativeTarget;
			buildConfigurationList = 90C39F771E06E5E400800668 /* Build configuration list for PBXNativeTarget "CRConfirmOrderUITests" */;
			buildPhases = (
				751EF2F5653CA84D98609E34 /* [CP] Check Pods Manifest.lock */,
				90C39F641E06E5E400800668 /* Sources */,
				90C39F651E06E5E400800668 /* Frameworks */,
				90C39F661E06E5E400800668 /* Resources */,
				6D4F806F37EBA8D29744648B /* [CP] Embed Pods Frameworks */,
				CCFCB9C86F1EDF30DEFD3976 /* [CP] Copy Pods Resources */,
			);
			buildRules = (
			);
			dependencies = (
				90C39F6A1E06E5E400800668 /* PBXTargetDependency */,
			);
			name = CRConfirmOrderUITests;
			productName = CRConfirmOrderUITests;
			productReference = 90C39F681E06E5E400800668 /* CRConfirmOrderUITests.xctest */;
			productType = "com.apple.product-type.bundle.ui-testing";
		};
/* End PBXNativeTarget section */

/* Begin PBXProject section */
		90C39F3C1E06E5E300800668 /* Project object */ = {
			isa = PBXProject;
			attributes = {
				LastUpgradeCheck = 0820;
				ORGANIZATIONNAME = Charon;
				TargetAttributes = {
					90C39F431E06E5E300800668 = {
						CreatedOnToolsVersion = 8.2;
						ProvisioningStyle = Automatic;
					};
					90C39F5C1E06E5E400800668 = {
						CreatedOnToolsVersion = 8.2;
						ProvisioningStyle = Automatic;
						TestTargetID = 90C39F431E06E5E300800668;
					};
					90C39F671E06E5E400800668 = {
						CreatedOnToolsVersion = 8.2;
						ProvisioningStyle = Automatic;
						TestTargetID = 90C39F431E06E5E300800668;
					};
				};
			};
			buildConfigurationList = 90C39F3F1E06E5E300800668 /* Build configuration list for PBXProject "CRConfirmOrder" */;
			compatibilityVersion = "Xcode 3.2";
			developmentRegion = English;
			hasScannedForEncodings = 0;
			knownRegions = (
				en,
				Base,
			);
			mainGroup = 90C39F3B1E06E5E300800668;
			productRefGroup = 90C39F451E06E5E300800668 /* Products */;
			projectDirPath = "";
			projectRoot = "";
			targets = (
				90C39F431E06E5E300800668 /* CRConfirmOrder */,
				90C39F5C1E06E5E400800668 /* CRConfirmOrderTests */,
				90C39F671E06E5E400800668 /* CRConfirmOrderUITests */,
			);
		};
/* End PBXProject section */

/* Begin PBXResourcesBuildPhase section */
		90C39F421E06E5E300800668 /* Resources */ = {
			isa = PBXResourcesBuildPhase;
			buildActionMask = 2147483647;
			files = (
				90C39F571E06E5E300800668 /* LaunchScreen.storyboard in Resources */,
				90C39F541E06E5E300800668 /* Assets.xcassets in Resources */,
				90C39F521E06E5E300800668 /* Main.storyboard in Resources */,
			);
			runOnlyForDeploymentPostprocessing = 0;
		};
		90C39F5B1E06E5E400800668 /* Resources */ = {
			isa = PBXResourcesBuildPhase;
			buildActionMask = 2147483647;
			files = (
			);
			runOnlyForDeploymentPostprocessing = 0;
		};
		90C39F661E06E5E400800668 /* Resources */ = {
			isa = PBXResourcesBuildPhase;
			buildActionMask = 2147483647;
			files = (
			);
			runOnlyForDeploymentPostprocessing = 0;
		};
/* End PBXResourcesBuildPhase section */

/* Begin PBXShellScriptBuildPhase section */
		39EEA3E9FD9CE2453AC04C24 /* [CP] Copy Pods Resources */ = {
			isa = PBXShellScriptBuildPhase;
			buildActionMask = 2147483647;
			files = (
			);
			inputPaths = (
			);
			name = "[CP] Copy Pods Resources";
			outputPaths = (
			);
			runOnlyForDeploymentPostprocessing = 0;
			shellPath = /bin/sh;
			shellScript = "\"${SRCROOT}/Pods/Target Support Files/Pods-CRConfirmOrderTests/Pods-CRConfirmOrderTests-resources.sh\"\n";
			showEnvVarsInLog = 0;
		};
		50AFC2CD28BFAC59AF48B5D4 /* [CP] Copy Pods Resources */ = {
			isa = PBXShellScriptBuildPhase;
			buildActionMask = 2147483647;
			files = (
			);
			inputPaths = (
			);
			name = "[CP] Copy Pods Resources";
			outputPaths = (
			);
			runOnlyForDeploymentPostprocessing = 0;
			shellPath = /bin/sh;
			shellScript = "\"${SRCROOT}/Pods/Target Support Files/Pods-CRConfirmOrder/Pods-CRConfirmOrder-resources.sh\"\n";
			showEnvVarsInLog = 0;
		};
		567417FEBEA0E42BCA4388CB /* [CP] Check Pods Manifest.lock */ = {
			isa = PBXShellScriptBuildPhase;
			buildActionMask = 2147483647;
			files = (
			);
			inputPaths = (
				"${PODS_PODFILE_DIR_PATH}/Podfile.lock",
				"${PODS_ROOT}/Manifest.lock",
			);
			name = "[CP] Check Pods Manifest.lock";
			outputPaths = (
				"$(DERIVED_FILE_DIR)/Pods-CRConfirmOrderTests-checkManifestLockResult.txt",
			);
			runOnlyForDeploymentPostprocessing = 0;
			shellPath = /bin/sh;
			shellScript = "diff \"${PODS_PODFILE_DIR_PATH}/Podfile.lock\" \"${PODS_ROOT}/Manifest.lock\" > /dev/null\nif [ $? != 0 ] ; then\n    # print error to STDERR\n    echo \"error: The sandbox is not in sync with the Podfile.lock. Run 'pod install' or update your CocoaPods installation.\" >&2\n    exit 1\nfi\n# This output is used by Xcode 'outputs' to avoid re-running this script phase.\necho \"SUCCESS\" > \"${SCRIPT_OUTPUT_FILE_0}\"\n";
			showEnvVarsInLog = 0;
		};
		6D4F806F37EBA8D29744648B /* [CP] Embed Pods Frameworks */ = {
			isa = PBXShellScriptBuildPhase;
			buildActionMask = 2147483647;
			files = (
			);
			inputPaths = (
			);
			name = "[CP] Embed Pods Frameworks";
			outputPaths = (
			);
			runOnlyForDeploymentPostprocessing = 0;
			shellPath = /bin/sh;
			shellScript = "\"${SRCROOT}/Pods/Target Support Files/Pods-CRConfirmOrderUITests/Pods-CRConfirmOrderUITests-frameworks.sh\"\n";
			showEnvVarsInLog = 0;
		};
		751EF2F5653CA84D98609E34 /* [CP] Check Pods Manifest.lock */ = {
			isa = PBXShellScriptBuildPhase;
			buildActionMask = 2147483647;
			files = (
			);
			inputPaths = (
				"${PODS_PODFILE_DIR_PATH}/Podfile.lock",
				"${PODS_ROOT}/Manifest.lock",
			);
			name = "[CP] Check Pods Manifest.lock";
			outputPaths = (
				"$(DERIVED_FILE_DIR)/Pods-CRConfirmOrderUITests-checkManifestLockResult.txt",
			);
			runOnlyForDeploymentPostprocessing = 0;
			shellPath = /bin/sh;
			shellScript = "diff \"${PODS_PODFILE_DIR_PATH}/Podfile.lock\" \"${PODS_ROOT}/Manifest.lock\" > /dev/null\nif [ $? != 0 ] ; then\n    # print error to STDERR\n    echo \"error: The sandbox is not in sync with the Podfile.lock. Run 'pod install' or update your CocoaPods installation.\" >&2\n    exit 1\nfi\n# This output is used by Xcode 'outputs' to avoid re-running this script phase.\necho \"SUCCESS\" > \"${SCRIPT_OUTPUT_FILE_0}\"\n";
			showEnvVarsInLog = 0;
		};
		76C89A842E428916F45D8020 /* [CP] Embed Pods Frameworks */ = {
			isa = PBXShellScriptBuildPhase;
			buildActionMask = 2147483647;
			files = (
			);
			inputPaths = (
			);
			name = "[CP] Embed Pods Frameworks";
			outputPaths = (
			);
			runOnlyForDeploymentPostprocessing = 0;
			shellPath = /bin/sh;
			shellScript = "\"${SRCROOT}/Pods/Target Support Files/Pods-CRConfirmOrder/Pods-CRConfirmOrder-frameworks.sh\"\n";
			showEnvVarsInLog = 0;
		};
		961FAD94870F5FF78DCF008E /* [CP] Embed Pods Frameworks */ = {
			isa = PBXShellScriptBuildPhase;
			buildActionMask = 2147483647;
			files = (
			);
			inputPaths = (
			);
			name = "[CP] Embed Pods Frameworks";
			outputPaths = (
			);
			runOnlyForDeploymentPostprocessing = 0;
			shellPath = /bin/sh;
			shellScript = "\"${SRCROOT}/Pods/Target Support Files/Pods-CRConfirmOrderTests/Pods-CRConfirmOrderTests-frameworks.sh\"\n";
			showEnvVarsInLog = 0;
		};
		CCFCB9C86F1EDF30DEFD3976 /* [CP] Copy Pods Resources */ = {
			isa = PBXShellScriptBuildPhase;
			buildActionMask = 2147483647;
			files = (
			);
			inputPaths = (
			);
			name = "[CP] Copy Pods Resources";
			outputPaths = (
			);
			runOnlyForDeploymentPostprocessing = 0;
			shellPath = /bin/sh;
			shellScript = "\"${SRCROOT}/Pods/Target Support Files/Pods-CRConfirmOrderUITests/Pods-CRConfirmOrderUITests-resources.sh\"\n";
			showEnvVarsInLog = 0;
		};
		FE0857B5BFF7BB45102E020D /* [CP] Check Pods Manifest.lock */ = {
			isa = PBXShellScriptBuildPhase;
			buildActionMask = 2147483647;
			files = (
			);
			inputPaths = (
				"${PODS_PODFILE_DIR_PATH}/Podfile.lock",
				"${PODS_ROOT}/Manifest.lock",
			);
			name = "[CP] Check Pods Manifest.lock";
			outputPaths = (
				"$(DERIVED_FILE_DIR)/Pods-CRConfirmOrder-checkManifestLockResult.txt",
			);
			runOnlyForDeploymentPostprocessing = 0;
			shellPath = /bin/sh;
			shellScript = "diff \"${PODS_PODFILE_DIR_PATH}/Podfile.lock\" \"${PODS_ROOT}/Manifest.lock\" > /dev/null\nif [ $? != 0 ] ; then\n    # print error to STDERR\n    echo \"error: The sandbox is not in sync with the Podfile.lock. Run 'pod install' or update your CocoaPods installation.\" >&2\n    exit 1\nfi\n# This output is used by Xcode 'outputs' to avoid re-running this script phase.\necho \"SUCCESS\" > \"${SCRIPT_OUTPUT_FILE_0}\"\n";
			showEnvVarsInLog = 0;
		};
/* End PBXShellScriptBuildPhase section */

/* Begin PBXSourcesBuildPhase section */
		90C39F401E06E5E300800668 /* Sources */ = {
			isa = PBXSourcesBuildPhase;
			buildActionMask = 2147483647;
			files = (
				90C39F4F1E06E5E300800668 /* ViewController.m in Sources */,
				90C39F4C1E06E5E300800668 /* AppDelegate.m in Sources */,
				90D8D9AB20E128D5005AC32F /* CRConfirmOrderViewController.m in Sources */,
				90D8D9AA20E128D5005AC32F /* CRConfirmOrderServiceProvide.m in Sources */,
				90C39F491E06E5E300800668 /* main.m in Sources */,
			);
			runOnlyForDeploymentPostprocessing = 0;
		};
		90C39F591E06E5E400800668 /* Sources */ = {
			isa = PBXSourcesBuildPhase;
			buildActionMask = 2147483647;
			files = (
				90C39F621E06E5E400800668 /* CRConfirmOrderTests.m in Sources */,
			);
			runOnlyForDeploymentPostprocessing = 0;
		};
		90C39F641E06E5E400800668 /* Sources */ = {
			isa = PBXSourcesBuildPhase;
			buildActionMask = 2147483647;
			files = (
				90C39F6D1E06E5E400800668 /* CRConfirmOrderUITests.m in Sources */,
			);
			runOnlyForDeploymentPostprocessing = 0;
		};
/* End PBXSourcesBuildPhase section */

/* Begin PBXTargetDependency section */
		90C39F5F1E06E5E400800668 /* PBXTargetDependency */ = {
			isa = PBXTargetDependency;
			target = 90C39F431E06E5E300800668 /* CRConfirmOrder */;
			targetProxy = 90C39F5E1E06E5E400800668 /* PBXContainerItemProxy */;
		};
		90C39F6A1E06E5E400800668 /* PBXTargetDependency */ = {
			isa = PBXTargetDependency;
			target = 90C39F431E06E5E300800668 /* CRConfirmOrder */;
			targetProxy = 90C39F691E06E5E400800668 /* PBXContainerItemProxy */;
		};
/* End PBXTargetDependency section */

/* Begin PBXVariantGroup section */
		90C39F501E06E5E300800668 /* Main.storyboard */ = {
			isa = PBXVariantGroup;
			children = (
				90C39F511E06E5E300800668 /* Base */,
			);
			name = Main.storyboard;
			sourceTree = "<group>";
		};
		90C39F551E06E5E300800668 /* LaunchScreen.storyboard */ = {
			isa = PBXVariantGroup;
			children = (
				90C39F561E06E5E300800668 /* Base */,
			);
			name = LaunchScreen.storyboard;
			sourceTree = "<group>";
		};
/* End PBXVariantGroup section */

/* Begin XCBuildConfiguration section */
		90C39F6F1E06E5E400800668 /* Debug */ = {
			isa = XCBuildConfiguration;
			buildSettings = {
				ALWAYS_SEARCH_USER_PATHS = NO;
				CLANG_ANALYZER_NONNULL = YES;
				CLANG_CXX_LANGUAGE_STANDARD = "gnu++0x";
				CLANG_CXX_LIBRARY = "libc++";
				CLANG_ENABLE_MODULES = YES;
				CLANG_ENABLE_OBJC_ARC = YES;
				CLANG_WARN_BOOL_CONVERSION = YES;
				CLANG_WARN_CONSTANT_CONVERSION = YES;
				CLANG_WARN_DIRECT_OBJC_ISA_USAGE = YES_ERROR;
				CLANG_WARN_DOCUMENTATION_COMMENTS = YES;
				CLANG_WARN_EMPTY_BODY = YES;
				CLANG_WARN_ENUM_CONVERSION = YES;
				CLANG_WARN_INFINITE_RECURSION = YES;
				CLANG_WARN_INT_CONVERSION = YES;
				CLANG_WARN_OBJC_ROOT_CLASS = YES_ERROR;
				CLANG_WARN_SUSPICIOUS_MOVE = YES;
				CLANG_WARN_UNREACHABLE_CODE = YES;
				CLANG_WARN__DUPLICATE_METHOD_MATCH = YES;
				"CODE_SIGN_IDENTITY[sdk=iphoneos*]" = "iPhone Developer";
				COPY_PHASE_STRIP = NO;
				DEBUG_INFORMATION_FORMAT = dwarf;
				ENABLE_STRICT_OBJC_MSGSEND = YES;
				ENABLE_TESTABILITY = YES;
				GCC_C_LANGUAGE_STANDARD = gnu99;
				GCC_DYNAMIC_NO_PIC = NO;
				GCC_NO_COMMON_BLOCKS = YES;
				GCC_OPTIMIZATION_LEVEL = 0;
				GCC_PREPROCESSOR_DEFINITIONS = (
					"DEBUG=1",
					"$(inherited)",
				);
				GCC_WARN_64_TO_32_BIT_CONVERSION = YES;
				GCC_WARN_ABOUT_RETURN_TYPE = YES_ERROR;
				GCC_WARN_UNDECLARED_SELECTOR = YES;
				GCC_WARN_UNINITIALIZED_AUTOS = YES_AGGRESSIVE;
				GCC_WARN_UNUSED_FUNCTION = YES;
				GCC_WARN_UNUSED_VARIABLE = YES;
				IPHONEOS_DEPLOYMENT_TARGET = 10.2;
				MTL_ENABLE_DEBUG_INFO = YES;
				ONLY_ACTIVE_ARCH = YES;
				SDKROOT = iphoneos;
			};
			name = Debug;
		};
		90C39F701E06E5E400800668 /* Release */ = {
			isa = XCBuildConfiguration;
			buildSettings = {
				ALWAYS_SEARCH_USER_PATHS = NO;
				CLANG_ANALYZER_NONNULL = YES;
				CLANG_CXX_LANGUAGE_STANDARD = "gnu++0x";
				CLANG_CXX_LIBRARY = "libc++";
				CLANG_ENABLE_MODULES = YES;
				CLANG_ENABLE_OBJC_ARC = YES;
				CLANG_WARN_BOOL_CONVERSION = YES;
				CLANG_WARN_CONSTANT_CONVERSION = YES;
				CLANG_WARN_DIRECT_OBJC_ISA_USAGE = YES_ERROR;
				CLANG_WARN_DOCUMENTATION_COMMENTS = YES;
				CLANG_WARN_EMPTY_BODY = YES;
				CLANG_WARN_ENUM_CONVERSION = YES;
				CLANG_WARN_INFINITE_RECURSION = YES;
				CLANG_WARN_INT_CONVERSION = YES;
				CLANG_WARN_OBJC_ROOT_CLASS = YES_ERROR;
				CLANG_WARN_SUSPICIOUS_MOVE = YES;
				CLANG_WARN_UNREACHABLE_CODE = YES;
				CLANG_WARN__DUPLICATE_METHOD_MATCH = YES;
				"CODE_SIGN_IDENTITY[sdk=iphoneos*]" = "iPhone Developer";
				COPY_PHASE_STRIP = NO;
				DEBUG_INFORMATION_FORMAT = "dwarf-with-dsym";
				ENABLE_NS_ASSERTIONS = NO;
				ENABLE_STRICT_OBJC_MSGSEND = YES;
				GCC_C_LANGUAGE_STANDARD = gnu99;
				GCC_NO_COMMON_BLOCKS = YES;
				GCC_WARN_64_TO_32_BIT_CONVERSION = YES;
				GCC_WARN_ABOUT_RETURN_TYPE = YES_ERROR;
				GCC_WARN_UNDECLARED_SELECTOR = YES;
				GCC_WARN_UNINITIALIZED_AUTOS = YES_AGGRESSIVE;
				GCC_WARN_UNUSED_FUNCTION = YES;
				GCC_WARN_UNUSED_VARIABLE = YES;
				IPHONEOS_DEPLOYMENT_TARGET = 10.2;
				MTL_ENABLE_DEBUG_INFO = NO;
				SDKROOT = iphoneos;
				VALIDATE_PRODUCT = YES;
			};
			name = Release;
		};
		90C39F721E06E5E400800668 /* Debug */ = {
			isa = XCBuildConfiguration;
			baseConfigurationReference = 16359C48E3DE96983B6B3421 /* Pods-CRConfirmOrder.debug.xcconfig */;
			buildSettings = {
				ASSETCATALOG_COMPILER_APPICON_NAME = AppIcon;
				INFOPLIST_FILE = CRConfirmOrder/Info.plist;
				LD_RUNPATH_SEARCH_PATHS = "$(inherited) @executable_path/Frameworks";
				PRODUCT_BUNDLE_IDENTIFIER = BS.CRConfirmOrder;
				PRODUCT_NAME = "$(TARGET_NAME)";
			};
			name = Debug;
		};
		90C39F731E06E5E400800668 /* Release */ = {
			isa = XCBuildConfiguration;
			baseConfigurationReference = FF3AB94FE49D62E8201402E5 /* Pods-CRConfirmOrder.release.xcconfig */;
			buildSettings = {
				ASSETCATALOG_COMPILER_APPICON_NAME = AppIcon;
				INFOPLIST_FILE = CRConfirmOrder/Info.plist;
				LD_RUNPATH_SEARCH_PATHS = "$(inherited) @executable_path/Frameworks";
				PRODUCT_BUNDLE_IDENTIFIER = BS.CRConfirmOrder;
				PRODUCT_NAME = "$(TARGET_NAME)";
			};
			name = Release;
		};
		90C39F751E06E5E400800668 /* Debug */ = {
			isa = XCBuildConfiguration;
			baseConfigurationReference = 8504DC99BE2D517D17352CCB /* Pods-CRConfirmOrderTests.debug.xcconfig */;
			buildSettings = {
				BUNDLE_LOADER = "$(TEST_HOST)";
				INFOPLIST_FILE = CRConfirmOrderTests/Info.plist;
				LD_RUNPATH_SEARCH_PATHS = "$(inherited) @executable_path/Frameworks @loader_path/Frameworks";
				PRODUCT_BUNDLE_IDENTIFIER = BS.CRConfirmOrderTests;
				PRODUCT_NAME = "$(TARGET_NAME)";
				TEST_HOST = "$(BUILT_PRODUCTS_DIR)/CRConfirmOrder.app/CRConfirmOrder";
			};
			name = Debug;
		};
		90C39F761E06E5E400800668 /* Release */ = {
			isa = XCBuildConfiguration;
			baseConfigurationReference = 9FB928FE10EFF74C62D9F568 /* Pods-CRConfirmOrderTests.release.xcconfig */;
			buildSettings = {
				BUNDLE_LOADER = "$(TEST_HOST)";
				INFOPLIST_FILE = CRConfirmOrderTests/Info.plist;
				LD_RUNPATH_SEARCH_PATHS = "$(inherited) @executable_path/Frameworks @loader_path/Frameworks";
				PRODUCT_BUNDLE_IDENTIFIER = BS.CRConfirmOrderTests;
				PRODUCT_NAME = "$(TARGET_NAME)";
				TEST_HOST = "$(BUILT_PRODUCTS_DIR)/CRConfirmOrder.app/CRConfirmOrder";
			};
			name = Release;
		};
		90C39F781E06E5E400800668 /* Debug */ = {
			isa = XCBuildConfiguration;
			baseConfigurationReference = 1EC81CAB2B5E0FC186B06DBF /* Pods-CRConfirmOrderUITests.debug.xcconfig */;
			buildSettings = {
				INFOPLIST_FILE = CRConfirmOrderUITests/Info.plist;
				LD_RUNPATH_SEARCH_PATHS = "$(inherited) @executable_path/Frameworks @loader_path/Frameworks";
				PRODUCT_BUNDLE_IDENTIFIER = BS.CRConfirmOrderUITests;
				PRODUCT_NAME = "$(TARGET_NAME)";
				TEST_TARGET_NAME = CRConfirmOrder;
			};
			name = Debug;
		};
		90C39F791E06E5E400800668 /* Release */ = {
			isa = XCBuildConfiguration;
			baseConfigurationReference = F8A5AA13D9237F483677947D /* Pods-CRConfirmOrderUITests.release.xcconfig */;
			buildSettings = {
				INFOPLIST_FILE = CRConfirmOrderUITests/Info.plist;
				LD_RUNPATH_SEARCH_PATHS = "$(inherited) @executable_path/Frameworks @loader_path/Frameworks";
				PRODUCT_BUNDLE_IDENTIFIER = BS.CRConfirmOrderUITests;
				PRODUCT_NAME = "$(TARGET_NAME)";
				TEST_TARGET_NAME = CRConfirmOrder;
			};
			name = Release;
		};
/* End XCBuildConfiguration section */

/* Begin XCConfigurationList section */
		90C39F3F1E06E5E300800668 /* Build configuration list for PBXProject "CRConfirmOrder" */ = {
			isa = XCConfigurationList;
			buildConfigurations = (
				90C39F6F1E06E5E400800668 /* Debug */,
				90C39F701E06E5E400800668 /* Release */,
			);
			defaultConfigurationIsVisible = 0;
			defaultConfigurationName = Release;
		};
		90C39F711E06E5E400800668 /* Build configuration list for PBXNativeTarget "CRConfirmOrder" */ = {
			isa = XCConfigurationList;
			buildConfigurations = (
				90C39F721E06E5E400800668 /* Debug */,
				90C39F731E06E5E400800668 /* Release */,
			);
			defaultConfigurationIsVisible = 0;
			defaultConfigurationName = Release;
		};
		90C39F741E06E5E400800668 /* Build configuration list for PBXNativeTarget "CRConfirmOrderTests" */ = {
			isa = XCConfigurationList;
			buildConfigurations = (
				90C39F751E06E5E400800668 /* Debug */,
				90C39F761E06E5E400800668 /* Release */,
			);
			defaultConfigurationIsVisible = 0;
			defaultConfigurationName = Release;
		};
		90C39F771E06E5E400800668 /* Build configuration list for PBXNativeTarget "CRConfirmOrderUITests" */ = {
			isa = XCConfigurationList;
			buildConfigurations = (
				90C39F781E06E5E400800668 /* Debug */,
				90C39F791E06E5E400800668 /* Release */,
			);
			defaultConfigurationIsVisible = 0;
			defaultConfigurationName = Release;
		};
/* End XCConfigurationList section */
	};
	rootObject = 90C39F3C1E06E5E300800668 /* Project object */;
}
